github.com/ibm-messaging/mq-golang-jms20 v1.11.0 h1:cNkttNYSs42QzG1TLZt+bYGleqKET9bATJkAQzyaSdQ=
github.com/ibm-messaging/mq-golang-jms20 v1.11.0/go.mod h1:oyyrK++j5yVGOFEcDMrOKZ4tcJ+qTKTQ8a9xy/D0saE=
github.com/ibm-messaging/mq-golang/v5 v5.6.0 h1:EvK6eEUzFu7E7R/jyoSr6cQFtWj8GsjAUzpaO936kjI=
github.com/ibm-messaging/mq-golang/v5 v5.6.0/go.mod h1:xCV0vl1+ik3VyWZnwAj++2J89vSTzhXP1gXhG0X3IYE=
