github.com/davecgh/go-spew v1.1.0/go.mod h1:J7Y8YcW2NihsgmVo/mv3lAwl/skON4iLHjSsI+c5H38=
github.com/ibm-messaging/mq-golang-jms20 v1.2.0 h1:pVB4fPpyaEh8fTmyGBH4BlnLINB9f8z9CZdwLY4m4rM=
github.com/ibm-messaging/mq-golang-jms20 v1.2.0/go.mod h1:l6BQdpzorRc27vFbrLSrUJXfP1kyzTXINQX/O2MIiSk=
github.com/ibm-messaging/mq-golang/v5 v5.0.0 h1:9J8bsDoCo60rbSgB7ZAURPG3L5Kpr+F8dYNOwQ7Qnnk=
github.com/ibm-messaging/mq-golang/v5 v5.0.0/go.mod h1:ywCwmYbJOU/E0rl+z4GiNoxVMty68O+LVO39a1VMXrE=
github.com/pmezard/go-difflib v1.0.0/go.mod h1:iKH77koFhYxTK1pcRnkKkqfTogsbg7gZNVY4sRDYZ/4=
github.com/stretchr/objx v0.1.0/go.mod h1:HFkY916IF+rwdDfMAkV7OtwuqBVzrE8GR6GFx+wExME=
github.com/stretchr/testify v1.4.0/go.mod h1:j7eGeouHqKxXV5pUuKE4zz7dFj8WfuZ+81PSLYec5m4=
gopkg.in/check.v1 v0.0.0-20161208181325-20d25e280405/go.mod h1:Co6ibVJAznAaIkqp8huTwlJQCZ016jof/cbN4VW5Yz0=
gopkg.in/yaml.v2 v2.2.2/go.mod h1:hI93XBmqTisBFMUTm0b8Fm+jr3Dg1NNxqwp+5A1VGuI=
